
Microsoft Visual Studio Solution File, Format Version 12.00
# Visual Studio Version 16
VisualStudioVersion = 16.0.31205.134
MinimumVisualStudioVersion = 10.0.40219.1
Project("{FAE04EC0-301F-11D3-BF4B-00C04F79EFBC}") = "laba_logger_pletnyakov", "laba_logger_pletnyakov\laba_logger_pletnyakov.csproj", "{64584D4F-9876-417D-8412-C01DA404BD3A}"
EndProject
Global
	GlobalSection(SolutionConfigurationPlatforms) = preSolution
		Debug|Any CPU = Debug|Any CPU
		Release|Any CPU = Release|Any CPU
	EndGlobalSection
	GlobalSection(ProjectConfigurationPlatforms) = postSolution
		{64584D4F-9876-417D-8412-C01DA404BD3A}.Debug|Any CPU.ActiveCfg = Debug|Any CPU
		{64584D4F-9876-417D-8412-C01DA404BD3A}.Debug|Any CPU.Build.0 = Debug|Any CPU
		{64584D4F-9876-417D-8412-C01DA404BD3A}.Release|Any CPU.ActiveCfg = Release|Any CPU
		{64584D4F-9876-417D-8412-C01DA404BD3A}.Release|Any CPU.Build.0 = Release|Any CPU
	EndGlobalSection
	GlobalSection(SolutionProperties) = preSolution
		HideSolutionNode = FALSE
	EndGlobalSection
	GlobalSection(ExtensibilityGlobals) = postSolution
		SolutionGuid = {30EEE4FA-7AB3-4ED3-BAE2-8F9D3CF94B44}
	EndGlobalSection
EndGlobal
